{
  "version": 4,
  "terraform_version": "1.3.7",
  "serial": 11,
  "lineage": "0dcdd1e3-c69e-84e8-d745-050b21a7444f",
  "outputs": {},
  "resources": [
    {
      "mode": "managed",
      "type": "google_bigquery_dataset",
      "name": "dataset",
      "provider": "provider[\"registry.terraform.io/hashicorp/google\"]",
      "instances": [
        {
          "schema_version": 0,
          "attributes": {
            "access": [
              {
                "dataset": [],
                "domain": "",
                "group_by_email": "",
                "role": "OWNER",
                "routine": [],
                "special_group": "",
                "user_by_email": "de-zoomcamp-user@de-zoomcamp-wtfzalgo.iam.gserviceaccount.com",
                "view": []
              },
              {
                "dataset": [],
                "domain": "",
                "group_by_email": "",
                "role": "OWNER",
                "routine": [],
                "special_group": "projectOwners",
                "user_by_email": "",
                "view": []
              },
              {
                "dataset": [],
                "domain": "",
                "group_by_email": "",
                "role": "READER",
                "routine": [],
                "special_group": "projectReaders",
                "user_by_email": "",
                "view": []
              },
              {
                "dataset": [],
                "domain": "",
                "group_by_email": "",
                "role": "WRITER",
                "routine": [],
                "special_group": "projectWriters",
                "user_by_email": "",
                "view": []
              }
            ],
            "creation_time": 1674771880412,
            "dataset_id": "trips_data_all",
            "default_encryption_configuration": [],
            "default_partition_expiration_ms": 0,
            "default_table_expiration_ms": 0,
            "delete_contents_on_destroy": true,
            "description": "",
            "etag": "JDFZqoRcdUnMdVyOswkFag==",
            "friendly_name": "",
            "id": "projects/de-zoomcamp-wtfzalgo/datasets/trips_data_all",
            "labels": {},
            "last_modified_time": 1676138035421,
            "location": "europe-west6",
            "max_time_travel_hours": "168",
            "project": "de-zoomcamp-wtfzalgo",
            "self_link": "https://bigquery.googleapis.com/bigquery/v2/projects/de-zoomcamp-wtfzalgo/datasets/trips_data_all",
            "timeouts": null
          },
          "sensitive_attributes": [],
          "private": "eyJlMmJmYjczMC1lY2FhLTExZTYtOGY4OC0zNDM2M2JjN2M0YzAiOnsiY3JlYXRlIjoxMjAwMDAwMDAwMDAwLCJkZWxldGUiOjEyMDAwMDAwMDAwMDAsInVwZGF0ZSI6MTIwMDAwMDAwMDAwMH19"
        }
      ]
    },
    {
      "mode": "managed",
      "type": "google_bigquery_table",
      "name": "bg-table",
      "provider": "provider[\"registry.terraform.io/hashicorp/google\"]",
      "instances": [
        {
          "schema_version": 0,
          "attributes": {
            "clustering": null,
            "creation_time": 1675682251756,
            "dataset_id": "trips_data_all",
            "deletion_protection": false,
            "description": "",
            "encryption_configuration": [],
            "etag": "nQUZjjm/n6BRmi5bwPNHMQ==",
            "expiration_time": 0,
            "external_data_configuration": [],
            "friendly_name": "",
            "id": "projects/de-zoomcamp-wtfzalgo/datasets/trips_data_all/tables/ny_trips",
            "labels": {},
            "last_modified_time": 1675818006039,
            "location": "europe-west6",
            "materialized_view": [],
            "num_bytes": 2252158711,
            "num_long_term_bytes": 0,
            "num_rows": 16221685,
            "project": "de-zoomcamp-wtfzalgo",
            "range_partitioning": [],
            "schema": "[{\"mode\":\"NULLABLE\",\"name\":\"VendorID\",\"type\":\"FLOAT\"},{\"mode\":\"NULLABLE\",\"name\":\"tpep_pickup_datetime\",\"type\":\"TIMESTAMP\"},{\"mode\":\"NULLABLE\",\"name\":\"tpep_dropoff_datetime\",\"type\":\"TIMESTAMP\"},{\"mode\":\"NULLABLE\",\"name\":\"passenger_count\",\"type\":\"FLOAT\"},{\"mode\":\"NULLABLE\",\"name\":\"trip_distance\",\"type\":\"FLOAT\"},{\"mode\":\"NULLABLE\",\"name\":\"RatecodeID\",\"type\":\"FLOAT\"},{\"mode\":\"NULLABLE\",\"name\":\"store_and_fwd_flag\",\"type\":\"STRING\"},{\"mode\":\"NULLABLE\",\"name\":\"PULocationID\",\"type\":\"INTEGER\"},{\"mode\":\"NULLABLE\",\"name\":\"DOLocationID\",\"type\":\"INTEGER\"},{\"mode\":\"NULLABLE\",\"name\":\"payment_type\",\"type\":\"FLOAT\"},{\"mode\":\"NULLABLE\",\"name\":\"fare_amount\",\"type\":\"FLOAT\"},{\"mode\":\"NULLABLE\",\"name\":\"extra\",\"type\":\"FLOAT\"},{\"mode\":\"NULLABLE\",\"name\":\"mta_tax\",\"type\":\"FLOAT\"},{\"mode\":\"NULLABLE\",\"name\":\"tip_amount\",\"type\":\"FLOAT\"},{\"mode\":\"NULLABLE\",\"name\":\"tolls_amount\",\"type\":\"FLOAT\"},{\"mode\":\"NULLABLE\",\"name\":\"improvement_surcharge\",\"type\":\"FLOAT\"},{\"mode\":\"NULLABLE\",\"name\":\"total_amount\",\"type\":\"FLOAT\"},{\"mode\":\"NULLABLE\",\"name\":\"congestion_surcharge\",\"type\":\"FLOAT\"}]",
            "self_link": "https://bigquery.googleapis.com/bigquery/v2/projects/de-zoomcamp-wtfzalgo/datasets/trips_data_all/tables/ny_trips",
            "table_id": "ny_trips",
            "time_partitioning": [],
            "type": "TABLE",
            "view": []
          },
          "sensitive_attributes": [],
          "private": "bnVsbA=="
        }
      ]
    },
    {
      "mode": "managed",
      "type": "google_storage_bucket",
      "name": "data-lake-bucket",
      "provider": "provider[\"registry.terraform.io/hashicorp/google\"]",
      "instances": [
        {
          "schema_version": 0,
          "attributes": {
            "autoclass": [],
            "cors": [],
            "custom_placement_config": [],
            "default_event_based_hold": false,
            "encryption": [],
            "force_destroy": true,
            "id": "de_zoomcamp_data_lake_de-zoomcamp-wtfzalgo",
            "labels": {},
            "lifecycle_rule": [
              {
                "action": [
                  {
                    "storage_class": "",
                    "type": "Delete"
                  }
                ],
                "condition": [
                  {
                    "age": 30,
                    "created_before": "",
                    "custom_time_before": "",
                    "days_since_custom_time": 0,
                    "days_since_noncurrent_time": 0,
                    "matches_prefix": [],
                    "matches_storage_class": [],
                    "matches_suffix": [],
                    "noncurrent_time_before": "",
                    "num_newer_versions": 0,
                    "with_state": "ANY"
                  }
                ]
              }
            ],
            "location": "EUROPE-WEST6",
            "logging": [],
            "name": "de_zoomcamp_data_lake_de-zoomcamp-wtfzalgo",
            "project": "de-zoomcamp-wtfzalgo",
            "public_access_prevention": "inherited",
            "requester_pays": false,
            "retention_policy": [],
            "self_link": "https://www.googleapis.com/storage/v1/b/de_zoomcamp_data_lake_de-zoomcamp-wtfzalgo",
            "storage_class": "STANDARD",
            "timeouts": null,
            "uniform_bucket_level_access": true,
            "url": "gs://de_zoomcamp_data_lake_de-zoomcamp-wtfzalgo",
            "versioning": [
              {
                "enabled": true
              }
            ],
            "website": []
          },
          "sensitive_attributes": [],
          "private": "eyJlMmJmYjczMC1lY2FhLTExZTYtOGY4OC0zNDM2M2JjN2M0YzAiOnsiY3JlYXRlIjoyNDAwMDAwMDAwMDAsInJlYWQiOjI0MDAwMDAwMDAwMCwidXBkYXRlIjoyNDAwMDAwMDAwMDB9fQ=="
        }
      ]
    }
  ],
  "check_results": null
}
